{
  "requires": true,
  "lockfileVersion": 1,
  "dependencies": {
    "@types/canvasjs": {
      "version": "1.9.2",
      "resolved": "https://registry.npmjs.org/@types/canvasjs/-/canvasjs-1.9.2.tgz",
      "integrity": "sha512-FToRWa9ll4SUWGkrvzXCQqqW0MAsKBm2hVX36K72fIz5fJ53JBKpSuEj7t3r3pD1sW0eHTtbCtVzE1Z4FlNG6Q=="
    },
    "@types/jquery": {
      "version": "3.3.2",
      "resolved": "https://registry.npmjs.org/@types/jquery/-/jquery-3.3.2.tgz",
      "integrity": "sha512-ByZwKSEqteAta4VrIalqGJZmMq9lWPD3H3f5Xs6RR8B7zQRDPGUtjoKBYNtKTz/7LgBEQMdlxVbbjQfUaEIItA=="
    }
  }
}
